
Microsoft Visual Studio Solution File, Format Version 12.00
# Visual Studio 14
VisualStudioVersion = 14.0.25123.0
MinimumVisualStudioVersion = 10.0.40219.1
Project("{8BC9CEB8-8B4A-11D0-8D11-00A0C91BC942}") = "cake3d", "src\cake3d.vcxproj", "{E145D839-1EBA-449F-8127-5B609DB26610}"
	ProjectSection(ProjectDependencies) = postProject
		{3AD1876E-9C58-4B28-821D-0BDE200DCEFC} = {3AD1876E-9C58-4B28-821D-0BDE200DCEFC}
		{81CE8DAF-EBB2-4761-8E45-B71ABCCA8C68} = {81CE8DAF-EBB2-4761-8E45-B71ABCCA8C68}
		{F7E944B3-0815-40CD-B3E4-90B2A15B0E33} = {F7E944B3-0815-40CD-B3E4-90B2A15B0E33}
		{DA956FD3-E142-46F2-9DD5-C78BEBB56B7A} = {DA956FD3-E142-46F2-9DD5-C78BEBB56B7A}
		{906567EF-CC9D-431B-A12F-BB4873ED5336} = {906567EF-CC9D-431B-A12F-BB4873ED5336}
	EndProjectSection
EndProject
Project("{8BC9CEB8-8B4A-11D0-8D11-00A0C91BC942}") = "SDL2", "shared\SDL2-2.0.4\VisualC\SDL\SDL_vs2015.vcxproj", "{81CE8DAF-EBB2-4761-8E45-B71ABCCA8C68}"
EndProject
Project("{8BC9CEB8-8B4A-11D0-8D11-00A0C91BC942}") = "SDL2main", "shared\SDL2-2.0.4\VisualC\SDLmain\SDLmain_vs2015.vcxproj", "{DA956FD3-E142-46F2-9DD5-C78BEBB56B7A}"
EndProject
Project("{8BC9CEB8-8B4A-11D0-8D11-00A0C91BC942}") = "SDL2_mixer", "shared\SDL2_mixer-2.0.1\VisualC\SDL_mixer_vs2015.vcxproj", "{F7E944B3-0815-40CD-B3E4-90B2A15B0E33}"
	ProjectSection(ProjectDependencies) = postProject
		{81CE8DAF-EBB2-4761-8E45-B71ABCCA8C68} = {81CE8DAF-EBB2-4761-8E45-B71ABCCA8C68}
	EndProjectSection
EndProject
Project("{8BC9CEB8-8B4A-11D0-8D11-00A0C91BC942}") = "timidity", "shared\SDL2_mixer-2.0.1\VisualC\timidity\timidity_vs2015.vcxproj", "{B162B6F1-E876-4D5F-A1F6-E3A6DC2F4A2C}"
EndProject
Project("{8BC9CEB8-8B4A-11D0-8D11-00A0C91BC942}") = "native_midi", "shared\SDL2_mixer-2.0.1\VisualC\native_midi\native_midi_vs2015.vcxproj", "{EBDA67CA-4A23-4F22-BFBC-B8DBE0580D4F}"
EndProject
Project("{2150E333-8FDC-42A3-9474-1A3956D46DE8}") = "mixer", "mixer", "{1736C555-D9D4-4275-8870-AFBA11AD4F9E}"
EndProject
Project("{8BC9CEB8-8B4A-11D0-8D11-00A0C91BC942}") = "gl3w", "shared\gl3w\gl3w.vcxproj", "{906567EF-CC9D-431B-A12F-BB4873ED5336}"
EndProject
Project("{8BC9CEB8-8B4A-11D0-8D11-00A0C91BC942}") = "imgui", "shared\imgui-1.47\imgui.vcxproj", "{3AD1876E-9C58-4B28-821D-0BDE200DCEFC}"
	ProjectSection(ProjectDependencies) = postProject
		{81CE8DAF-EBB2-4761-8E45-B71ABCCA8C68} = {81CE8DAF-EBB2-4761-8E45-B71ABCCA8C68}
	EndProjectSection
EndProject
Project("{2150E333-8FDC-42A3-9474-1A3956D46DE8}") = "external libs", "external libs", "{62007542-B0A3-47A7-8A5C-5CB10052E44D}"
EndProject
Global
	GlobalSection(SolutionConfigurationPlatforms) = preSolution
		Debug|x64 = Debug|x64
		Debug|x86 = Debug|x86
		Release|x64 = Release|x64
		Release|x86 = Release|x86
	EndGlobalSection
	GlobalSection(ProjectConfigurationPlatforms) = postSolution
		{E145D839-1EBA-449F-8127-5B609DB26610}.Debug|x64.ActiveCfg = Debug|x64
		{E145D839-1EBA-449F-8127-5B609DB26610}.Debug|x64.Build.0 = Debug|x64
		{E145D839-1EBA-449F-8127-5B609DB26610}.Debug|x86.ActiveCfg = Debug|Win32
		{E145D839-1EBA-449F-8127-5B609DB26610}.Debug|x86.Build.0 = Debug|Win32
		{E145D839-1EBA-449F-8127-5B609DB26610}.Release|x64.ActiveCfg = Release|x64
		{E145D839-1EBA-449F-8127-5B609DB26610}.Release|x64.Build.0 = Release|x64
		{E145D839-1EBA-449F-8127-5B609DB26610}.Release|x86.ActiveCfg = Release|Win32
		{E145D839-1EBA-449F-8127-5B609DB26610}.Release|x86.Build.0 = Release|Win32
		{81CE8DAF-EBB2-4761-8E45-B71ABCCA8C68}.Debug|x64.ActiveCfg = Debug|x64
		{81CE8DAF-EBB2-4761-8E45-B71ABCCA8C68}.Debug|x64.Build.0 = Debug|x64
		{81CE8DAF-EBB2-4761-8E45-B71ABCCA8C68}.Debug|x86.ActiveCfg = Debug|Win32
		{81CE8DAF-EBB2-4761-8E45-B71ABCCA8C68}.Debug|x86.Build.0 = Debug|Win32
		{81CE8DAF-EBB2-4761-8E45-B71ABCCA8C68}.Release|x64.ActiveCfg = Release|x64
		{81CE8DAF-EBB2-4761-8E45-B71ABCCA8C68}.Release|x64.Build.0 = Release|x64
		{81CE8DAF-EBB2-4761-8E45-B71ABCCA8C68}.Release|x86.ActiveCfg = Release|Win32
		{81CE8DAF-EBB2-4761-8E45-B71ABCCA8C68}.Release|x86.Build.0 = Release|Win32
		{DA956FD3-E142-46F2-9DD5-C78BEBB56B7A}.Debug|x64.ActiveCfg = Debug|x64
		{DA956FD3-E142-46F2-9DD5-C78BEBB56B7A}.Debug|x64.Build.0 = Debug|x64
		{DA956FD3-E142-46F2-9DD5-C78BEBB56B7A}.Debug|x86.ActiveCfg = Debug|Win32
		{DA956FD3-E142-46F2-9DD5-C78BEBB56B7A}.Debug|x86.Build.0 = Debug|Win32
		{DA956FD3-E142-46F2-9DD5-C78BEBB56B7A}.Release|x64.ActiveCfg = Release|x64
		{DA956FD3-E142-46F2-9DD5-C78BEBB56B7A}.Release|x64.Build.0 = Release|x64
		{DA956FD3-E142-46F2-9DD5-C78BEBB56B7A}.Release|x86.ActiveCfg = Release|Win32
		{DA956FD3-E142-46F2-9DD5-C78BEBB56B7A}.Release|x86.Build.0 = Release|Win32
		{F7E944B3-0815-40CD-B3E4-90B2A15B0E33}.Debug|x64.ActiveCfg = Debug|x64
		{F7E944B3-0815-40CD-B3E4-90B2A15B0E33}.Debug|x64.Build.0 = Debug|x64
		{F7E944B3-0815-40CD-B3E4-90B2A15B0E33}.Debug|x86.ActiveCfg = Debug|Win32
		{F7E944B3-0815-40CD-B3E4-90B2A15B0E33}.Debug|x86.Build.0 = Debug|Win32
		{F7E944B3-0815-40CD-B3E4-90B2A15B0E33}.Release|x64.ActiveCfg = Release|x64
		{F7E944B3-0815-40CD-B3E4-90B2A15B0E33}.Release|x64.Build.0 = Release|x64
		{F7E944B3-0815-40CD-B3E4-90B2A15B0E33}.Release|x86.ActiveCfg = Release|Win32
		{F7E944B3-0815-40CD-B3E4-90B2A15B0E33}.Release|x86.Build.0 = Release|Win32
		{B162B6F1-E876-4D5F-A1F6-E3A6DC2F4A2C}.Debug|x64.ActiveCfg = Debug|x64
		{B162B6F1-E876-4D5F-A1F6-E3A6DC2F4A2C}.Debug|x64.Build.0 = Debug|x64
		{B162B6F1-E876-4D5F-A1F6-E3A6DC2F4A2C}.Debug|x86.ActiveCfg = Debug|Win32
		{B162B6F1-E876-4D5F-A1F6-E3A6DC2F4A2C}.Debug|x86.Build.0 = Debug|Win32
		{B162B6F1-E876-4D5F-A1F6-E3A6DC2F4A2C}.Release|x64.ActiveCfg = Release|x64
		{B162B6F1-E876-4D5F-A1F6-E3A6DC2F4A2C}.Release|x64.Build.0 = Release|x64
		{B162B6F1-E876-4D5F-A1F6-E3A6DC2F4A2C}.Release|x86.ActiveCfg = Release|Win32
		{B162B6F1-E876-4D5F-A1F6-E3A6DC2F4A2C}.Release|x86.Build.0 = Release|Win32
		{EBDA67CA-4A23-4F22-BFBC-B8DBE0580D4F}.Debug|x64.ActiveCfg = Debug|x64
		{EBDA67CA-4A23-4F22-BFBC-B8DBE0580D4F}.Debug|x64.Build.0 = Debug|x64
		{EBDA67CA-4A23-4F22-BFBC-B8DBE0580D4F}.Debug|x86.ActiveCfg = Debug|Win32
		{EBDA67CA-4A23-4F22-BFBC-B8DBE0580D4F}.Debug|x86.Build.0 = Debug|Win32
		{EBDA67CA-4A23-4F22-BFBC-B8DBE0580D4F}.Release|x64.ActiveCfg = Release|x64
		{EBDA67CA-4A23-4F22-BFBC-B8DBE0580D4F}.Release|x64.Build.0 = Release|x64
		{EBDA67CA-4A23-4F22-BFBC-B8DBE0580D4F}.Release|x86.ActiveCfg = Release|Win32
		{EBDA67CA-4A23-4F22-BFBC-B8DBE0580D4F}.Release|x86.Build.0 = Release|Win32
		{906567EF-CC9D-431B-A12F-BB4873ED5336}.Debug|x64.ActiveCfg = Debug|x64
		{906567EF-CC9D-431B-A12F-BB4873ED5336}.Debug|x64.Build.0 = Debug|x64
		{906567EF-CC9D-431B-A12F-BB4873ED5336}.Debug|x86.ActiveCfg = Debug|Win32
		{906567EF-CC9D-431B-A12F-BB4873ED5336}.Debug|x86.Build.0 = Debug|Win32
		{906567EF-CC9D-431B-A12F-BB4873ED5336}.Release|x64.ActiveCfg = Release|x64
		{906567EF-CC9D-431B-A12F-BB4873ED5336}.Release|x64.Build.0 = Release|x64
		{906567EF-CC9D-431B-A12F-BB4873ED5336}.Release|x86.ActiveCfg = Release|Win32
		{906567EF-CC9D-431B-A12F-BB4873ED5336}.Release|x86.Build.0 = Release|Win32
		{3AD1876E-9C58-4B28-821D-0BDE200DCEFC}.Debug|x64.ActiveCfg = Debug|x64
		{3AD1876E-9C58-4B28-821D-0BDE200DCEFC}.Debug|x64.Build.0 = Debug|x64
		{3AD1876E-9C58-4B28-821D-0BDE200DCEFC}.Debug|x86.ActiveCfg = Debug|Win32
		{3AD1876E-9C58-4B28-821D-0BDE200DCEFC}.Debug|x86.Build.0 = Debug|Win32
		{3AD1876E-9C58-4B28-821D-0BDE200DCEFC}.Release|x64.ActiveCfg = Release|x64
		{3AD1876E-9C58-4B28-821D-0BDE200DCEFC}.Release|x64.Build.0 = Release|x64
		{3AD1876E-9C58-4B28-821D-0BDE200DCEFC}.Release|x86.ActiveCfg = Release|Win32
		{3AD1876E-9C58-4B28-821D-0BDE200DCEFC}.Release|x86.Build.0 = Release|Win32
	EndGlobalSection
	GlobalSection(SolutionProperties) = preSolution
		HideSolutionNode = FALSE
	EndGlobalSection
	GlobalSection(NestedProjects) = preSolution
		{81CE8DAF-EBB2-4761-8E45-B71ABCCA8C68} = {62007542-B0A3-47A7-8A5C-5CB10052E44D}
		{DA956FD3-E142-46F2-9DD5-C78BEBB56B7A} = {62007542-B0A3-47A7-8A5C-5CB10052E44D}
		{F7E944B3-0815-40CD-B3E4-90B2A15B0E33} = {1736C555-D9D4-4275-8870-AFBA11AD4F9E}
		{B162B6F1-E876-4D5F-A1F6-E3A6DC2F4A2C} = {1736C555-D9D4-4275-8870-AFBA11AD4F9E}
		{EBDA67CA-4A23-4F22-BFBC-B8DBE0580D4F} = {1736C555-D9D4-4275-8870-AFBA11AD4F9E}
		{1736C555-D9D4-4275-8870-AFBA11AD4F9E} = {62007542-B0A3-47A7-8A5C-5CB10052E44D}
		{906567EF-CC9D-431B-A12F-BB4873ED5336} = {62007542-B0A3-47A7-8A5C-5CB10052E44D}
		{3AD1876E-9C58-4B28-821D-0BDE200DCEFC} = {62007542-B0A3-47A7-8A5C-5CB10052E44D}
	EndGlobalSection
EndGlobal
